
Microsoft Visual Studio Solution File, Format Version 12.00
# Visual Studio Version 17
VisualStudioVersion = 17.4.33110.190
MinimumVisualStudioVersion = 10.0.40219.1
Project("{9A19103F-16F7-4668-BE54-9A1E7A4F7556}") = "proyecto", "proyecto\proyecto.csproj", "{021CD4B2-C0AE-494B-B4C9-E51ECE80EFF9}"
EndProject
Global
	GlobalSection(SolutionConfigurationPlatforms) = preSolution
		Debug|Any CPU = Debug|Any CPU
		Release|Any CPU = Release|Any CPU
	EndGlobalSection
	GlobalSection(ProjectConfigurationPlatforms) = postSolution
		{021CD4B2-C0AE-494B-B4C9-E51ECE80EFF9}.Debug|Any CPU.ActiveCfg = Debug|Any CPU
		{021CD4B2-C0AE-494B-B4C9-E51ECE80EFF9}.Debug|Any CPU.Build.0 = Debug|Any CPU
		{021CD4B2-C0AE-494B-B4C9-E51ECE80EFF9}.Release|Any CPU.ActiveCfg = Release|Any CPU
		{021CD4B2-C0AE-494B-B4C9-E51ECE80EFF9}.Release|Any CPU.Build.0 = Release|Any CPU
	EndGlobalSection
	GlobalSection(SolutionProperties) = preSolution
		HideSolutionNode = FALSE
	EndGlobalSection
	GlobalSection(ExtensibilityGlobals) = postSolution
		SolutionGuid = {29D72A3E-8B2C-4070-8643-7F1A7FAF8C68}
	EndGlobalSection
EndGlobal
